
Microsoft Visual Studio Solution File, Format Version 12.00
Project("{FAE04EC0-301F-11D3-BF4B-00C04F79EFBC}") = "ReviewApp", "ReviewApp\ReviewApp.csproj", "{1BDC3273-5B72-434B-BC32-1E8059417015}"
EndProject
Global
	GlobalSection(SolutionConfigurationPlatforms) = preSolution
		Debug|Any CPU = Debug|Any CPU
		Release|Any CPU = Release|Any CPU
	EndGlobalSection
	GlobalSection(ProjectConfigurationPlatforms) = postSolution
		{1BDC3273-5B72-434B-BC32-1E8059417015}.Debug|Any CPU.ActiveCfg = Debug|Any CPU
		{1BDC3273-5B72-434B-BC32-1E8059417015}.Debug|Any CPU.Build.0 = Debug|Any CPU
		{1BDC3273-5B72-434B-BC32-1E8059417015}.Release|Any CPU.ActiveCfg = Release|Any CPU
		{1BDC3273-5B72-434B-BC32-1E8059417015}.Release|Any CPU.Build.0 = Release|Any CPU
	EndGlobalSection
EndGlobal
